// !$*UTF8*$!
{
	archiveVersion = 1;
	classes = {
	};
	objectVersion = 50;
	objects = {

/* Begin PBXBuildFile section */
		B46148072665C2B5007D87E3 /* MovieListEdittttApp.swift in Sources */ = {isa = PBXBuildFile; fileRef = B46148062665C2B5007D87E3 /* MovieListEdittttApp.swift */; };
		B46148092665C2B5007D87E3 /* ContentView.swift in Sources */ = {isa = PBXBuildFile; fileRef = B46148082665C2B5007D87E3 /* ContentView.swift */; };
		B461480B2665C2B8007D87E3 /* Assets.xcassets in Resources */ = {isa = PBXBuildFile; fileRef = B461480A2665C2B8007D87E3 /* Assets.xcassets */; };
		B461480E2665C2B8007D87E3 /* Preview Assets.xcassets in Resources */ = {isa = PBXBuildFile; fileRef = B461480D2665C2B8007D87E3 /* Preview Assets.xcassets */; };
		B46148192665C2B8007D87E3 /* MovieListEdittttTests.swift in Sources */ = {isa = PBXBuildFile; fileRef = B46148182665C2B8007D87E3 /* MovieListEdittttTests.swift */; };
		B46148242665C2B8007D87E3 /* MovieListEdittttUITests.swift in Sources */ = {isa = PBXBuildFile; fileRef = B46148232665C2B8007D87E3 /* MovieListEdittttUITests.swift */; };
		B46148352665C2EF007D87E3 /* MovieAdd.swift in Sources */ = {isa = PBXBuildFile; fileRef = B46148342665C2EF007D87E3 /* MovieAdd.swift */; };
		B461483A2665CAA5007D87E3 /* NewMovieView.swift in Sources */ = {isa = PBXBuildFile; fileRef = B46148392665CAA5007D87E3 /* NewMovieView.swift */; };
/* End PBXBuildFile section */

/* Begin PBXContainerItemProxy section */
		B46148152665C2B8007D87E3 /* PBXContainerItemProxy */ = {
			isa = PBXContainerItemProxy;
			containerPortal = B46147FB2665C2B5007D87E3 /* Project object */;
			proxyType = 1;
			remoteGlobalIDString = B46148022665C2B5007D87E3;
			remoteInfo = MovieListEditttt;
		};
		B46148202665C2B8007D87E3 /* PBXContainerItemProxy */ = {
			isa = PBXContainerItemProxy;
			containerPortal = B46147FB2665C2B5007D87E3 /* Project object */;
			proxyType = 1;
			remoteGlobalIDString = B46148022665C2B5007D87E3;
			remoteInfo = MovieListEditttt;
		};
/* End PBXContainerItemProxy section */

/* Begin PBXFileReference section */
		B46148032665C2B5007D87E3 /* MovieListEditttt.app */ = {isa = PBXFileReference; explicitFileType = wrapper.application; includeInIndex = 0; path = MovieListEditttt.app; sourceTree = BUILT_PRODUCTS_DIR; };
		B46148062665C2B5007D87E3 /* MovieListEdittttApp.swift */ = {isa = PBXFileReference; lastKnownFileType = sourcecode.swift; path = MovieListEdittttApp.swift; sourceTree = "<group>"; };
		B46148082665C2B5007D87E3 /* ContentView.swift */ = {isa = PBXFileReference; lastKnownFileType = sourcecode.swift; path = ContentView.swift; sourceTree = "<group>"; };
		B461480A2665C2B8007D87E3 /* Assets.xcassets */ = {isa = PBXFileReference; lastKnownFileType = folder.assetcatalog; path = Assets.xcassets; sourceTree = "<group>"; };
		B461480D2665C2B8007D87E3 /* Preview Assets.xcassets */ = {isa = PBXFileReference; lastKnownFileType = folder.assetcatalog; path = "Preview Assets.xcassets"; sourceTree = "<group>"; };
		B461480F2665C2B8007D87E3 /* Info.plist */ = {isa = PBXFileReference; lastKnownFileType = text.plist.xml; path = Info.plist; sourceTree = "<group>"; };
		B46148142665C2B8007D87E3 /* MovieListEdittttTests.xctest */ = {isa = PBXFileReference; explicitFileType = wrapper.cfbundle; includeInIndex = 0; path = MovieListEdittttTests.xctest; sourceTree = BUILT_PRODUCTS_DIR; };
		B46148182665C2B8007D87E3 /* MovieListEdittttTests.swift */ = {isa = PBXFileReference; lastKnownFileType = sourcecode.swift; path = MovieListEdittttTests.swift; sourceTree = "<group>"; };
		B461481A2665C2B8007D87E3 /* Info.plist */ = {isa = PBXFileReference; lastKnownFileType = text.plist.xml; path = Info.plist; sourceTree = "<group>"; };
		B461481F2665C2B8007D87E3 /* MovieListEdittttUITests.xctest */ = {isa = PBXFileReference; explicitFileType = wrapper.cfbundle; includeInIndex = 0; path = MovieListEdittttUITests.xctest; sourceTree = BUILT_PRODUCTS_DIR; };
		B46148232665C2B8007D87E3 /* MovieListEdittttUITests.swift */ = {isa = PBXFileReference; lastKnownFileType = sourcecode.swift; path = MovieListEdittttUITests.swift; sourceTree = "<group>"; };
		B46148252665C2B8007D87E3 /* Info.plist */ = {isa = PBXFileReference; lastKnownFileType = text.plist.xml; path = Info.plist; sourceTree = "<group>"; };
		B46148342665C2EF007D87E3 /* MovieAdd.swift */ = {isa = PBXFileReference; lastKnownFileType = sourcecode.swift; path = MovieAdd.swift; sourceTree = "<group>"; };
		B46148392665CAA5007D87E3 /* NewMovieView.swift */ = {isa = PBXFileReference; lastKnownFileType = sourcecode.swift; path = NewMovieView.swift; sourceTree = "<group>"; };
/* End PBXFileReference section */

/* Begin PBXFrameworksBuildPhase section */
		B46148002665C2B5007D87E3 /* Frameworks */ = {
			isa = PBXFrameworksBuildPhase;
			buildActionMask = 2147483647;
			files = (
			);
			runOnlyForDeploymentPostprocessing = 0;
		};
		B46148112665C2B8007D87E3 /* Frameworks */ = {
			isa = PBXFrameworksBuildPhase;
			buildActionMask = 2147483647;
			files = (
			);
			runOnlyForDeploymentPostprocessing = 0;
		};
		B461481C2665C2B8007D87E3 /* Frameworks */ = {
			isa = PBXFrameworksBuildPhase;
			buildActionMask = 2147483647;
			files = (
			);
			runOnlyForDeploymentPostprocessing = 0;
		};
/* End PBXFrameworksBuildPhase section */

/* Begin PBXGroup section */
		B46147FA2665C2B5007D87E3 = {
			isa = PBXGroup;
			children = (
				B46148052665C2B5007D87E3 /* MovieListEditttt */,
				B46148172665C2B8007D87E3 /* MovieListEdittttTests */,
				B46148222665C2B8007D87E3 /* MovieListEdittttUITests */,
				B46148042665C2B5007D87E3 /* Products */,
			);
			sourceTree = "<group>";
		};
		B46148042665C2B5007D87E3 /* Products */ = {
			isa = PBXGroup;
			children = (
				B46148032665C2B5007D87E3 /* MovieListEditttt.app */,
				B46148142665C2B8007D87E3 /* MovieListEdittttTests.xctest */,
				B461481F2665C2B8007D87E3 /* MovieListEdittttUITests.xctest */,
			);
			name = Products;
			sourceTree = "<group>";
		};
		B46148052665C2B5007D87E3 /* MovieListEditttt */ = {
			isa = PBXGroup;
			children = (
				B46148062665C2B5007D87E3 /* MovieListEdittttApp.swift */,
				B46148082665C2B5007D87E3 /* ContentView.swift */,
				B461480A2665C2B8007D87E3 /* Assets.xcassets */,
				B461480F2665C2B8007D87E3 /* Info.plist */,
				B461480C2665C2B8007D87E3 /* Preview Content */,
				B46148342665C2EF007D87E3 /* MovieAdd.swift */,
				B46148392665CAA5007D87E3 /* NewMovieView.swift */,
			);
			path = MovieListEditttt;
			sourceTree = "<group>";
		};
		B461480C2665C2B8007D87E3 /* Preview Content */ = {
			isa = PBXGroup;
			children = (
				B461480D2665C2B8007D87E3 /* Preview Assets.xcassets */,
			);
			path = "Preview Content";
			sourceTree = "<group>";
		};
		B46148172665C2B8007D87E3 /* MovieListEdittttTests */ = {
			isa = PBXGroup;
			children = (
				B46148182665C2B8007D87E3 /* MovieListEdittttTests.swift */,
				B461481A2665C2B8007D87E3 /* Info.plist */,
			);
			path = MovieListEdittttTests;
			sourceTree = "<group>";
		};
		B46148222665C2B8007D87E3 /* MovieListEdittttUITests */ = {
			isa = PBXGroup;
			children = (
				B46148232665C2B8007D87E3 /* MovieListEdittttUITests.swift */,
				B46148252665C2B8007D87E3 /* Info.plist */,
			);
			path = MovieListEdittttUITests;
			sourceTree = "<group>";
		};
/* End PBXGroup section */

/* Begin PBXNativeTarget section */
		B46148022665C2B5007D87E3 /* MovieListEditttt */ = {
			isa = PBXNativeTarget;
			buildConfigurationList = B46148282665C2B8007D87E3 /* Build configuration list for PBXNativeTarget "MovieListEditttt" */;
			buildPhases = (
				B46147FF2665C2B5007D87E3 /* Sources */,
				B46148002665C2B5007D87E3 /* Frameworks */,
				B46148012665C2B5007D87E3 /* Resources */,
			);
			buildRules = (
			);
			dependencies = (
			);
			name = MovieListEditttt;
			productName = MovieListEditttt;
			productReference = B46148032665C2B5007D87E3 /* MovieListEditttt.app */;
			productType = "com.apple.product-type.application";
		};
		B46148132665C2B8007D87E3 /* MovieListEdittttTests */ = {
			isa = PBXNativeTarget;
			buildConfigurationList = B461482B2665C2B8007D87E3 /* Build configuration list for PBXNativeTarget "MovieListEdittttTests" */;
			buildPhases = (
				B46148102665C2B8007D87E3 /* Sources */,
				B46148112665C2B8007D87E3 /* Frameworks */,
				B46148122665C2B8007D87E3 /* Resources */,
			);
			buildRules = (
			);
			dependencies = (
				B46148162665C2B8007D87E3 /* PBXTargetDependency */,
			);
			name = MovieListEdittttTests;
			productName = MovieListEdittttTests;
			productReference = B46148142665C2B8007D87E3 /* MovieListEdittttTests.xctest */;
			productType = "com.apple.product-type.bundle.unit-test";
		};
		B461481E2665C2B8007D87E3 /* MovieListEdittttUITests */ = {
			isa = PBXNativeTarget;
			buildConfigurationList = B461482E2665C2B8007D87E3 /* Build configuration list for PBXNativeTarget "MovieListEdittttUITests" */;
			buildPhases = (
				B461481B2665C2B8007D87E3 /* Sources */,
				B461481C2665C2B8007D87E3 /* Frameworks */,
				B461481D2665C2B8007D87E3 /* Resources */,
			);
			buildRules = (
			);
			dependencies = (
				B46148212665C2B8007D87E3 /* PBXTargetDependency */,
			);
			name = MovieListEdittttUITests;
			productName = MovieListEdittttUITests;
			productReference = B461481F2665C2B8007D87E3 /* MovieListEdittttUITests.xctest */;
			productType = "com.apple.product-type.bundle.ui-testing";
		};
/* End PBXNativeTarget section */

/* Begin PBXProject section */
		B46147FB2665C2B5007D87E3 /* Project object */ = {
			isa = PBXProject;
			attributes = {
				LastSwiftUpdateCheck = 1240;
				LastUpgradeCheck = 1240;
				TargetAttributes = {
					B46148022665C2B5007D87E3 = {
						CreatedOnToolsVersion = 12.4;
					};
					B46148132665C2B8007D87E3 = {
						CreatedOnToolsVersion = 12.4;
						TestTargetID = B46148022665C2B5007D87E3;
					};
					B461481E2665C2B8007D87E3 = {
						CreatedOnToolsVersion = 12.4;
						TestTargetID = B46148022665C2B5007D87E3;
					};
				};
			};
			buildConfigurationList = B46147FE2665C2B5007D87E3 /* Build configuration list for PBXProject "MovieListEditttt" */;
			compatibilityVersion = "Xcode 9.3";
			developmentRegion = en;
			hasScannedForEncodings = 0;
			knownRegions = (
				en,
				Base,
			);
			mainGroup = B46147FA2665C2B5007D87E3;
			productRefGroup = B46148042665C2B5007D87E3 /* Products */;
			projectDirPath = "";
			projectRoot = "";
			targets = (
				B46148022665C2B5007D87E3 /* MovieListEditttt */,
				B46148132665C2B8007D87E3 /* MovieListEdittttTests */,
				B461481E2665C2B8007D87E3 /* MovieListEdittttUITests */,
			);
		};
/* End PBXProject section */

/* Begin PBXResourcesBuildPhase section */
		B46148012665C2B5007D87E3 /* Resources */ = {
			isa = PBXResourcesBuildPhase;
			buildActionMask = 2147483647;
			files = (
				B461480E2665C2B8007D87E3 /* Preview Assets.xcassets in Resources */,
				B461480B2665C2B8007D87E3 /* Assets.xcassets in Resources */,
			);
			runOnlyForDeploymentPostprocessing = 0;
		};
		B46148122665C2B8007D87E3 /* Resources */ = {
			isa = PBXResourcesBuildPhase;
			buildActionMask = 2147483647;
			files = (
			);
			runOnlyForDeploymentPostprocessing = 0;
		};
		B461481D2665C2B8007D87E3 /* Resources */ = {
			isa = PBXResourcesBuildPhase;
			buildActionMask = 2147483647;
			files = (
			);
			runOnlyForDeploymentPostprocessing = 0;
		};
/* End PBXResourcesBuildPhase section */

/* Begin PBXSourcesBuildPhase section */
		B46147FF2665C2B5007D87E3 /* Sources */ = {
			isa = PBXSourcesBuildPhase;
			buildActionMask = 2147483647;
			files = (
				B46148092665C2B5007D87E3 /* ContentView.swift in Sources */,
				B46148352665C2EF007D87E3 /* MovieAdd.swift in Sources */,
				B461483A2665CAA5007D87E3 /* NewMovieView.swift in Sources */,
				B46148072665C2B5007D87E3 /* MovieListEdittttApp.swift in Sources */,
			);
			runOnlyForDeploymentPostprocessing = 0;
		};
		B46148102665C2B8007D87E3 /* Sources */ = {
			isa = PBXSourcesBuildPhase;
			buildActionMask = 2147483647;
			files = (
				B46148192665C2B8007D87E3 /* MovieListEdittttTests.swift in Sources */,
			);
			runOnlyForDeploymentPostprocessing = 0;
		};
		B461481B2665C2B8007D87E3 /* Sources */ = {
			isa = PBXSourcesBuildPhase;
			buildActionMask = 2147483647;
			files = (
				B46148242665C2B8007D87E3 /* MovieListEdittttUITests.swift in Sources */,
			);
			runOnlyForDeploymentPostprocessing = 0;
		};
/* End PBXSourcesBuildPhase section */

/* Begin PBXTargetDependency section */
		B46148162665C2B8007D87E3 /* PBXTargetDependency */ = {
			isa = PBXTargetDependency;
			target = B46148022665C2B5007D87E3 /* MovieListEditttt */;
			targetProxy = B46148152665C2B8007D87E3 /* PBXContainerItemProxy */;
		};
		B46148212665C2B8007D87E3 /* PBXTargetDependency */ = {
			isa = PBXTargetDependency;
			target = B46148022665C2B5007D87E3 /* MovieListEditttt */;
			targetProxy = B46148202665C2B8007D87E3 /* PBXContainerItemProxy */;
		};
/* End PBXTargetDependency section */

/* Begin XCBuildConfiguration section */
		B46148262665C2B8007D87E3 /* Debug */ = {
			isa = XCBuildConfiguration;
			buildSettings = {
				ALWAYS_SEARCH_USER_PATHS = NO;
				CLANG_ANALYZER_NONNULL = YES;
				CLANG_ANALYZER_NUMBER_OBJECT_CONVERSION = YES_AGGRESSIVE;
				CLANG_CXX_LANGUAGE_STANDARD = "gnu++14";
				CLANG_CXX_LIBRARY = "libc++";
				CLANG_ENABLE_MODULES = YES;
				CLANG_ENABLE_OBJC_ARC = YES;
				CLANG_ENABLE_OBJC_WEAK = YES;
				CLANG_WARN_BLOCK_CAPTURE_AUTORELEASING = YES;
				CLANG_WARN_BOOL_CONVERSION = YES;
				CLANG_WARN_COMMA = YES;
				CLANG_WARN_CONSTANT_CONVERSION = YES;
				CLANG_WARN_DEPRECATED_OBJC_IMPLEMENTATIONS = YES;
				CLANG_WARN_DIRECT_OBJC_ISA_USAGE = YES_ERROR;
				CLANG_WARN_DOCUMENTATION_COMMENTS = YES;
				CLANG_WARN_EMPTY_BODY = YES;
				CLANG_WARN_ENUM_CONVERSION = YES;
				CLANG_WARN_INFINITE_RECURSION = YES;
				CLANG_WARN_INT_CONVERSION = YES;
				CLANG_WARN_NON_LITERAL_NULL_CONVERSION = YES;
				CLANG_WARN_OBJC_IMPLICIT_RETAIN_SELF = YES;
				CLANG_WARN_OBJC_LITERAL_CONVERSION = YES;
				CLANG_WARN_OBJC_ROOT_CLASS = YES_ERROR;
				CLANG_WARN_QUOTED_INCLUDE_IN_FRAMEWORK_HEADER = YES;
				CLANG_WARN_RANGE_LOOP_ANALYSIS = YES;
				CLANG_WARN_STRICT_PROTOTYPES = YES;
				CLANG_WARN_SUSPICIOUS_MOVE = YES;
				CLANG_WARN_UNGUARDED_AVAILABILITY = YES_AGGRESSIVE;
				CLANG_WARN_UNREACHABLE_CODE = YES;
				CLANG_WARN__DUPLICATE_METHOD_MATCH = YES;
				COPY_PHASE_STRIP = NO;
				DEBUG_INFORMATION_FORMAT = dwarf;
				ENABLE_STRICT_OBJC_MSGSEND = YES;
				ENABLE_TESTABILITY = YES;
				GCC_C_LANGUAGE_STANDARD = gnu11;
				GCC_DYNAMIC_NO_PIC = NO;
				GCC_NO_COMMON_BLOCKS = YES;
				GCC_OPTIMIZATION_LEVEL = 0;
				GCC_PREPROCESSOR_DEFINITIONS = (
					"DEBUG=1",
					"$(inherited)",
				);
				GCC_WARN_64_TO_32_BIT_CONVERSION = YES;
				GCC_WARN_ABOUT_RETURN_TYPE = YES_ERROR;
				GCC_WARN_UNDECLARED_SELECTOR = YES;
				GCC_WARN_UNINITIALIZED_AUTOS = YES_AGGRESSIVE;
				GCC_WARN_UNUSED_FUNCTION = YES;
				GCC_WARN_UNUSED_VARIABLE = YES;
				IPHONEOS_DEPLOYMENT_TARGET = 14.4;
				MTL_ENABLE_DEBUG_INFO = INCLUDE_SOURCE;
				MTL_FAST_MATH = YES;
				ONLY_ACTIVE_ARCH = YES;
				SDKROOT = iphoneos;
				SWIFT_ACTIVE_COMPILATION_CONDITIONS = DEBUG;
				SWIFT_OPTIMIZATION_LEVEL = "-Onone";
			};
			name = Debug;
		};
		B46148272665C2B8007D87E3 /* Release */ = {
			isa = XCBuildConfiguration;
			buildSettings = {
				ALWAYS_SEARCH_USER_PATHS = NO;
				CLANG_ANALYZER_NONNULL = YES;
				CLANG_ANALYZER_NUMBER_OBJECT_CONVERSION = YES_AGGRESSIVE;
				CLANG_CXX_LANGUAGE_STANDARD = "gnu++14";
				CLANG_CXX_LIBRARY = "libc++";
				CLANG_ENABLE_MODULES = YES;
				CLANG_ENABLE_OBJC_ARC = YES;
				CLANG_ENABLE_OBJC_WEAK = YES;
				CLANG_WARN_BLOCK_CAPTURE_AUTORELEASING = YES;
				CLANG_WARN_BOOL_CONVERSION = YES;
				CLANG_WARN_COMMA = YES;
				CLANG_WARN_CONSTANT_CONVERSION = YES;
				CLANG_WARN_DEPRECATED_OBJC_IMPLEMENTATIONS = YES;
				CLANG_WARN_DIRECT_OBJC_ISA_USAGE = YES_ERROR;
				CLANG_WARN_DOCUMENTATION_COMMENTS = YES;
				CLANG_WARN_EMPTY_BODY = YES;
				CLANG_WARN_ENUM_CONVERSION = YES;
				CLANG_WARN_INFINITE_RECURSION = YES;
				CLANG_WARN_INT_CONVERSION = YES;
				CLANG_WARN_NON_LITERAL_NULL_CONVERSION = YES;
				CLANG_WARN_OBJC_IMPLICIT_RETAIN_SELF = YES;
				CLANG_WARN_OBJC_LITERAL_CONVERSION = YES;
				CLANG_WARN_OBJC_ROOT_CLASS = YES_ERROR;
				CLANG_WARN_QUOTED_INCLUDE_IN_FRAMEWORK_HEADER = YES;
				CLANG_WARN_RANGE_LOOP_ANALYSIS = YES;
				CLANG_WARN_STRICT_PROTOTYPES = YES;
				CLANG_WARN_SUSPICIOUS_MOVE = YES;
				CLANG_WARN_UNGUARDED_AVAILABILITY = YES_AGGRESSIVE;
				CLANG_WARN_UNREACHABLE_CODE = YES;
				CLANG_WARN__DUPLICATE_METHOD_MATCH = YES;
				COPY_PHASE_STRIP = NO;
				DEBUG_INFORMATION_FORMAT = "dwarf-with-dsym";
				ENABLE_NS_ASSERTIONS = NO;
				ENABLE_STRICT_OBJC_MSGSEND = YES;
				GCC_C_LANGUAGE_STANDARD = gnu11;
				GCC_NO_COMMON_BLOCKS = YES;
				GCC_WARN_64_TO_32_BIT_CONVERSION = YES;
				GCC_WARN_ABOUT_RETURN_TYPE = YES_ERROR;
				GCC_WARN_UNDECLARED_SELECTOR = YES;
				GCC_WARN_UNINITIALIZED_AUTOS = YES_AGGRESSIVE;
				GCC_WARN_UNUSED_FUNCTION = YES;
				GCC_WARN_UNUSED_VARIABLE = YES;
				IPHONEOS_DEPLOYMENT_TARGET = 14.4;
				MTL_ENABLE_DEBUG_INFO = NO;
				MTL_FAST_MATH = YES;
				SDKROOT = iphoneos;
				SWIFT_COMPILATION_MODE = wholemodule;
				SWIFT_OPTIMIZATION_LEVEL = "-O";
				VALIDATE_PRODUCT = YES;
			};
			name = Release;
		};
		B46148292665C2B8007D87E3 /* Debug */ = {
			isa = XCBuildConfiguration;
			buildSettings = {
				ASSETCATALOG_COMPILER_APPICON_NAME = AppIcon;
				ASSETCATALOG_COMPILER_GLOBAL_ACCENT_COLOR_NAME = AccentColor;
				CODE_SIGN_STYLE = Automatic;
				DEVELOPMENT_ASSET_PATHS = "\"MovieListEditttt/Preview Content\"";
				DEVELOPMENT_TEAM = LR94Y9UFZG;
				ENABLE_PREVIEWS = YES;
				INFOPLIST_FILE = MovieListEditttt/Info.plist;
				IPHONEOS_DEPLOYMENT_TARGET = 14.0;
				LD_RUNPATH_SEARCH_PATHS = (
					"$(inherited)",
					"@executable_path/Frameworks",
				);
				PRODUCT_BUNDLE_IDENTIFIER = com.LeandroG.MovieListEditttt;
				PRODUCT_NAME = "$(TARGET_NAME)";
				SWIFT_VERSION = 5.0;
				TARGETED_DEVICE_FAMILY = "1,2";
			};
			name = Debug;
		};
		B461482A2665C2B8007D87E3 /* Release */ = {
			isa = XCBuildConfiguration;
			buildSettings = {
				ASSETCATALOG_COMPILER_APPICON_NAME = AppIcon;
				ASSETCATALOG_COMPILER_GLOBAL_ACCENT_COLOR_NAME = AccentColor;
				CODE_SIGN_STYLE = Automatic;
				DEVELOPMENT_ASSET_PATHS = "\"MovieListEditttt/Preview Content\"";
				DEVELOPMENT_TEAM = LR94Y9UFZG;
				ENABLE_PREVIEWS = YES;
				INFOPLIST_FILE = MovieListEditttt/Info.plist;
				IPHONEOS_DEPLOYMENT_TARGET = 14.0;
				LD_RUNPATH_SEARCH_PATHS = (
					"$(inherited)",
					"@executable_path/Frameworks",
				);
				PRODUCT_BUNDLE_IDENTIFIER = com.LeandroG.MovieListEditttt;
				PRODUCT_NAME = "$(TARGET_NAME)";
				SWIFT_VERSION = 5.0;
				TARGETED_DEVICE_FAMILY = "1,2";
			};
			name = Release;
		};
		B461482C2665C2B8007D87E3 /* Debug */ = {
			isa = XCBuildConfiguration;
			buildSettings = {
				ALWAYS_EMBED_SWIFT_STANDARD_LIBRARIES = YES;
				BUNDLE_LOADER = "$(TEST_HOST)";
				CODE_SIGN_STYLE = Automatic;
				DEVELOPMENT_TEAM = LR94Y9UFZG;
				INFOPLIST_FILE = MovieListEdittttTests/Info.plist;
				IPHONEOS_DEPLOYMENT_TARGET = 14.0;
				LD_RUNPATH_SEARCH_PATHS = (
					"$(inherited)",
					"@executable_path/Frameworks",
					"@loader_path/Frameworks",
				);
				PRODUCT_BUNDLE_IDENTIFIER = com.LeandroG.MovieListEdittttTests;
				PRODUCT_NAME = "$(TARGET_NAME)";
				SWIFT_VERSION = 5.0;
				TARGETED_DEVICE_FAMILY = "1,2";
				TEST_HOST = "$(BUILT_PRODUCTS_DIR)/MovieListEditttt.app/MovieListEditttt";
			};
			name = Debug;
		};
		B461482D2665C2B8007D87E3 /* Release */ = {
			isa = XCBuildConfiguration;
			buildSettings = {
				ALWAYS_EMBED_SWIFT_STANDARD_LIBRARIES = YES;
				BUNDLE_LOADER = "$(TEST_HOST)";
				CODE_SIGN_STYLE = Automatic;
				DEVELOPMENT_TEAM = LR94Y9UFZG;
				INFOPLIST_FILE = MovieListEdittttTests/Info.plist;
				IPHONEOS_DEPLOYMENT_TARGET = 14.0;
				LD_RUNPATH_SEARCH_PATHS = (
					"$(inherited)",
					"@executable_path/Frameworks",
					"@loader_path/Frameworks",
				);
				PRODUCT_BUNDLE_IDENTIFIER = com.LeandroG.MovieListEdittttTests;
				PRODUCT_NAME = "$(TARGET_NAME)";
				SWIFT_VERSION = 5.0;
				TARGETED_DEVICE_FAMILY = "1,2";
				TEST_HOST = "$(BUILT_PRODUCTS_DIR)/MovieListEditttt.app/MovieListEditttt";
			};
			name = Release;
		};
		B461482F2665C2B8007D87E3 /* Debug */ = {
			isa = XCBuildConfiguration;
			buildSettings = {
				ALWAYS_EMBED_SWIFT_STANDARD_LIBRARIES = YES;
				CODE_SIGN_STYLE = Automatic;
				DEVELOPMENT_TEAM = LR94Y9UFZG;
				INFOPLIST_FILE = MovieListEdittttUITests/Info.plist;
				LD_RUNPATH_SEARCH_PATHS = (
					"$(inherited)",
					"@executable_path/Frameworks",
					"@loader_path/Frameworks",
				);
				PRODUCT_BUNDLE_IDENTIFIER = com.LeandroG.MovieListEdittttUITests;
				PRODUCT_NAME = "$(TARGET_NAME)";
				SWIFT_VERSION = 5.0;
				TARGETED_DEVICE_FAMILY = "1,2";
				TEST_TARGET_NAME = MovieListEditttt;
			};
			name = Debug;
		};
		B46148302665C2B8007D87E3 /* Release */ = {
			isa = XCBuildConfiguration;
			buildSettings = {
				ALWAYS_EMBED_SWIFT_STANDARD_LIBRARIES = YES;
				CODE_SIGN_STYLE = Automatic;
				DEVELOPMENT_TEAM = LR94Y9UFZG;
				INFOPLIST_FILE = MovieListEdittttUITests/Info.plist;
				LD_RUNPATH_SEARCH_PATHS = (
					"$(inherited)",
					"@executable_path/Frameworks",
					"@loader_path/Frameworks",
				);
				PRODUCT_BUNDLE_IDENTIFIER = com.LeandroG.MovieListEdittttUITests;
				PRODUCT_NAME = "$(TARGET_NAME)";
				SWIFT_VERSION = 5.0;
				TARGETED_DEVICE_FAMILY = "1,2";
				TEST_TARGET_NAME = MovieListEditttt;
			};
			name = Release;
		};
/* End XCBuildConfiguration section */

/* Begin XCConfigurationList section */
		B46147FE2665C2B5007D87E3 /* Build configuration list for PBXProject "MovieListEditttt" */ = {
			isa = XCConfigurationList;
			buildConfigurations = (
				B46148262665C2B8007D87E3 /* Debug */,
				B46148272665C2B8007D87E3 /* Release */,
			);
			defaultConfigurationIsVisible = 0;
			defaultConfigurationName = Release;
		};
		B46148282665C2B8007D87E3 /* Build configuration list for PBXNativeTarget "MovieListEditttt" */ = {
			isa = XCConfigurationList;
			buildConfigurations = (
				B46148292665C2B8007D87E3 /* Debug */,
				B461482A2665C2B8007D87E3 /* Release */,
			);
			defaultConfigurationIsVisible = 0;
			defaultConfigurationName = Release;
		};
		B461482B2665C2B8007D87E3 /* Build configuration list for PBXNativeTarget "MovieListEdittttTests" */ = {
			isa = XCConfigurationList;
			buildConfigurations = (
				B461482C2665C2B8007D87E3 /* Debug */,
				B461482D2665C2B8007D87E3 /* Release */,
			);
			defaultConfigurationIsVisible = 0;
			defaultConfigurationName = Release;
		};
		B461482E2665C2B8007D87E3 /* Build configuration list for PBXNativeTarget "MovieListEdittttUITests" */ = {
			isa = XCConfigurationList;
			buildConfigurations = (
				B461482F2665C2B8007D87E3 /* Debug */,
				B46148302665C2B8007D87E3 /* Release */,
			);
			defaultConfigurationIsVisible = 0;
			defaultConfigurationName = Release;
		};
/* End XCConfigurationList section */
	};
	rootObject = B46147FB2665C2B5007D87E3 /* Project object */;
}
